
Microsoft Visual Studio Solution File, Format Version 12.00
# Visual Studio Version 17
VisualStudioVersion = 17.1.32210.238
MinimumVisualStudioVersion = 10.0.40219.1
Project("{FAE04EC0-301F-11D3-BF4B-00C04F79EFBC}") = "Core", "MightyKnights\Core.csproj", "{05861746-43F7-4B4B-B789-7D7C18F0FE57}"
EndProject
Project("{FAE04EC0-301F-11D3-BF4B-00C04F79EFBC}") = "DataAccess", "DataAccess\DataAccess.csproj", "{44CEFFA6-B3D1-4329-8B48-D6A3CD9B5622}"
EndProject
Project("{FAE04EC0-301F-11D3-BF4B-00C04F79EFBC}") = "UI", "UI\UI.csproj", "{AA73445F-8BB8-44E5-8050-6F41D433DB86}"
EndProject
Global
	GlobalSection(SolutionConfigurationPlatforms) = preSolution
		Debug|Any CPU = Debug|Any CPU
		Release|Any CPU = Release|Any CPU
	EndGlobalSection
	GlobalSection(ProjectConfigurationPlatforms) = postSolution
		{05861746-43F7-4B4B-B789-7D7C18F0FE57}.Debug|Any CPU.ActiveCfg = Debug|Any CPU
		{05861746-43F7-4B4B-B789-7D7C18F0FE57}.Debug|Any CPU.Build.0 = Debug|Any CPU
		{05861746-43F7-4B4B-B789-7D7C18F0FE57}.Release|Any CPU.ActiveCfg = Release|Any CPU
		{05861746-43F7-4B4B-B789-7D7C18F0FE57}.Release|Any CPU.Build.0 = Release|Any CPU
		{44CEFFA6-B3D1-4329-8B48-D6A3CD9B5622}.Debug|Any CPU.ActiveCfg = Debug|Any CPU
		{44CEFFA6-B3D1-4329-8B48-D6A3CD9B5622}.Debug|Any CPU.Build.0 = Debug|Any CPU
		{44CEFFA6-B3D1-4329-8B48-D6A3CD9B5622}.Release|Any CPU.ActiveCfg = Release|Any CPU
		{44CEFFA6-B3D1-4329-8B48-D6A3CD9B5622}.Release|Any CPU.Build.0 = Release|Any CPU
		{AA73445F-8BB8-44E5-8050-6F41D433DB86}.Debug|Any CPU.ActiveCfg = Debug|Any CPU
		{AA73445F-8BB8-44E5-8050-6F41D433DB86}.Debug|Any CPU.Build.0 = Debug|Any CPU
		{AA73445F-8BB8-44E5-8050-6F41D433DB86}.Release|Any CPU.ActiveCfg = Release|Any CPU
		{AA73445F-8BB8-44E5-8050-6F41D433DB86}.Release|Any CPU.Build.0 = Release|Any CPU
	EndGlobalSection
	GlobalSection(SolutionProperties) = preSolution
		HideSolutionNode = FALSE
	EndGlobalSection
	GlobalSection(ExtensibilityGlobals) = postSolution
		SolutionGuid = {6F507A5D-8B2B-469D-95A1-67F4B1299700}
	EndGlobalSection
EndGlobal
