
Microsoft Visual Studio Solution File, Format Version 12.00
# Visual Studio Version 17
VisualStudioVersion = 17.1.32210.238
MinimumVisualStudioVersion = 10.0.40219.1
Project("{9A19103F-16F7-4668-BE54-9A1E7A4F7556}") = "Core", "MightyKnights\Core.csproj", "{05861746-43F7-4B4B-B789-7D7C18F0FE57}"
EndProject
Project("{9A19103F-16F7-4668-BE54-9A1E7A4F7556}") = "UI", "UI\UI.csproj", "{C741C919-5D44-4E14-B7C0-194221E41B4D}"
EndProject
Project("{FAE04EC0-301F-11D3-BF4B-00C04F79EFBC}") = "DataAccess", "DataAccess\DataAccess.csproj", "{D860B986-97EC-49F2-AED9-87BE434FFB8A}"
EndProject
Global
	GlobalSection(SolutionConfigurationPlatforms) = preSolution
		Debug|Any CPU = Debug|Any CPU
		Release|Any CPU = Release|Any CPU
	EndGlobalSection
	GlobalSection(ProjectConfigurationPlatforms) = postSolution
		{05861746-43F7-4B4B-B789-7D7C18F0FE57}.Debug|Any CPU.ActiveCfg = Debug|Any CPU
		{05861746-43F7-4B4B-B789-7D7C18F0FE57}.Debug|Any CPU.Build.0 = Debug|Any CPU
		{05861746-43F7-4B4B-B789-7D7C18F0FE57}.Release|Any CPU.ActiveCfg = Release|Any CPU
		{05861746-43F7-4B4B-B789-7D7C18F0FE57}.Release|Any CPU.Build.0 = Release|Any CPU
		{C741C919-5D44-4E14-B7C0-194221E41B4D}.Debug|Any CPU.ActiveCfg = Debug|Any CPU
		{C741C919-5D44-4E14-B7C0-194221E41B4D}.Debug|Any CPU.Build.0 = Debug|Any CPU
		{C741C919-5D44-4E14-B7C0-194221E41B4D}.Release|Any CPU.ActiveCfg = Release|Any CPU
		{C741C919-5D44-4E14-B7C0-194221E41B4D}.Release|Any CPU.Build.0 = Release|Any CPU
		{D860B986-97EC-49F2-AED9-87BE434FFB8A}.Debug|Any CPU.ActiveCfg = Debug|Any CPU
		{D860B986-97EC-49F2-AED9-87BE434FFB8A}.Debug|Any CPU.Build.0 = Debug|Any CPU
		{D860B986-97EC-49F2-AED9-87BE434FFB8A}.Release|Any CPU.ActiveCfg = Release|Any CPU
		{D860B986-97EC-49F2-AED9-87BE434FFB8A}.Release|Any CPU.Build.0 = Release|Any CPU
	EndGlobalSection
	GlobalSection(SolutionProperties) = preSolution
		HideSolutionNode = FALSE
	EndGlobalSection
	GlobalSection(ExtensibilityGlobals) = postSolution
		SolutionGuid = {6F507A5D-8B2B-469D-95A1-67F4B1299700}
	EndGlobalSection
EndGlobal
